
Microsoft Visual Studio Solution File, Format Version 12.00
# Visual Studio Version 16
VisualStudioVersion = 16.0.31129.286
MinimumVisualStudioVersion = 10.0.40219.1
Project("{FAE04EC0-301F-11D3-BF4B-00C04F79EFBC}") = "Csharp Tutorials By Mohammed Alaa", "Csharp Tutorials By Mohammed Alaa.csproj", "{6F084645-AB96-4489-A4CD-D9A3CD8089AB}"
EndProject
Project("{FAE04EC0-301F-11D3-BF4B-00C04F79EFBC}") = "String Tips", "String Tips\String Tips.csproj", "{C7424614-BBD3-489E-9762-2EAEF814E1CC}"
EndProject
Project("{FAE04EC0-301F-11D3-BF4B-00C04F79EFBC}") = "Nullable types", "Nullable types\Nullable types.csproj", "{EB944F45-6724-4338-B797-889DD371D351}"
EndProject
Project("{FAE04EC0-301F-11D3-BF4B-00C04F79EFBC}") = "Casting notes", "Casting notes\Casting notes.csproj", "{4C41D84C-6789-4C16-88DB-42D0073EE200}"
EndProject
Project("{FAE04EC0-301F-11D3-BF4B-00C04F79EFBC}") = "ParamsTutorial", "ParamsTutorial\ParamsTutorial.csproj", "{EC38BDAE-D0C8-4DF7-A1AD-E3896F1237D0}"
EndProject
Project("{FAE04EC0-301F-11D3-BF4B-00C04F79EFBC}") = "Static Ctor", "Static Ctor\Static Ctor.csproj", "{5A85BC80-6BD4-4192-8176-D4CF98314E59}"
EndProject
Project("{FAE04EC0-301F-11D3-BF4B-00C04F79EFBC}") = "Method Hiding", "Method Hiding\Method Hiding.csproj", "{AC763BE3-5E91-4A7B-AE84-8C709DB278DD}"
EndProject
Project("{FAE04EC0-301F-11D3-BF4B-00C04F79EFBC}") = "Method Parameters", "Method Parameters\Method Parameters.csproj", "{A0E38DAB-4013-4422-A60B-775922861647}"
EndProject
Project("{FAE04EC0-301F-11D3-BF4B-00C04F79EFBC}") = "Polymorphism", "Polymorphism\Polymorphism.csproj", "{C7E2D9C0-2629-4073-9AC0-BF61BC80CACD}"
EndProject
Project("{FAE04EC0-301F-11D3-BF4B-00C04F79EFBC}") = "Method overloading", "Method overloading\Method overloading.csproj", "{5437C68F-F72E-4231-B554-1BE4D08BE813}"
EndProject
Project("{FAE04EC0-301F-11D3-BF4B-00C04F79EFBC}") = "Properties in CSharp", "Properties in CSharp\Properties in CSharp.csproj", "{5058F39B-5ED5-4368-A2F4-A005469B9D90}"
EndProject
Project("{FAE04EC0-301F-11D3-BF4B-00C04F79EFBC}") = "Struct and Class Init", "Struct and Class Init\Struct and Class Init.csproj", "{64E549C7-C5BE-4626-BC7E-3BDA15383BF8}"
EndProject
Project("{FAE04EC0-301F-11D3-BF4B-00C04F79EFBC}") = "Interfaces notes", "Interfaces notes\Interfaces notes.csproj", "{2DE2217C-C900-413B-B17F-8931F3C7A4F6}"
EndProject
Global
	GlobalSection(SolutionConfigurationPlatforms) = preSolution
		Debug|Any CPU = Debug|Any CPU
		Release|Any CPU = Release|Any CPU
	EndGlobalSection
	GlobalSection(ProjectConfigurationPlatforms) = postSolution
		{6F084645-AB96-4489-A4CD-D9A3CD8089AB}.Debug|Any CPU.ActiveCfg = Debug|Any CPU
		{6F084645-AB96-4489-A4CD-D9A3CD8089AB}.Debug|Any CPU.Build.0 = Debug|Any CPU
		{6F084645-AB96-4489-A4CD-D9A3CD8089AB}.Release|Any CPU.ActiveCfg = Release|Any CPU
		{6F084645-AB96-4489-A4CD-D9A3CD8089AB}.Release|Any CPU.Build.0 = Release|Any CPU
		{C7424614-BBD3-489E-9762-2EAEF814E1CC}.Debug|Any CPU.ActiveCfg = Debug|Any CPU
		{C7424614-BBD3-489E-9762-2EAEF814E1CC}.Debug|Any CPU.Build.0 = Debug|Any CPU
		{C7424614-BBD3-489E-9762-2EAEF814E1CC}.Release|Any CPU.ActiveCfg = Release|Any CPU
		{C7424614-BBD3-489E-9762-2EAEF814E1CC}.Release|Any CPU.Build.0 = Release|Any CPU
		{EB944F45-6724-4338-B797-889DD371D351}.Debug|Any CPU.ActiveCfg = Debug|Any CPU
		{EB944F45-6724-4338-B797-889DD371D351}.Debug|Any CPU.Build.0 = Debug|Any CPU
		{EB944F45-6724-4338-B797-889DD371D351}.Release|Any CPU.ActiveCfg = Release|Any CPU
		{EB944F45-6724-4338-B797-889DD371D351}.Release|Any CPU.Build.0 = Release|Any CPU
		{4C41D84C-6789-4C16-88DB-42D0073EE200}.Debug|Any CPU.ActiveCfg = Debug|Any CPU
		{4C41D84C-6789-4C16-88DB-42D0073EE200}.Debug|Any CPU.Build.0 = Debug|Any CPU
		{4C41D84C-6789-4C16-88DB-42D0073EE200}.Release|Any CPU.ActiveCfg = Release|Any CPU
		{4C41D84C-6789-4C16-88DB-42D0073EE200}.Release|Any CPU.Build.0 = Release|Any CPU
		{EC38BDAE-D0C8-4DF7-A1AD-E3896F1237D0}.Debug|Any CPU.ActiveCfg = Debug|Any CPU
		{EC38BDAE-D0C8-4DF7-A1AD-E3896F1237D0}.Debug|Any CPU.Build.0 = Debug|Any CPU
		{EC38BDAE-D0C8-4DF7-A1AD-E3896F1237D0}.Release|Any CPU.ActiveCfg = Release|Any CPU
		{EC38BDAE-D0C8-4DF7-A1AD-E3896F1237D0}.Release|Any CPU.Build.0 = Release|Any CPU
		{5A85BC80-6BD4-4192-8176-D4CF98314E59}.Debug|Any CPU.ActiveCfg = Debug|Any CPU
		{5A85BC80-6BD4-4192-8176-D4CF98314E59}.Debug|Any CPU.Build.0 = Debug|Any CPU
		{5A85BC80-6BD4-4192-8176-D4CF98314E59}.Release|Any CPU.ActiveCfg = Release|Any CPU
		{5A85BC80-6BD4-4192-8176-D4CF98314E59}.Release|Any CPU.Build.0 = Release|Any CPU
		{AC763BE3-5E91-4A7B-AE84-8C709DB278DD}.Debug|Any CPU.ActiveCfg = Debug|Any CPU
		{AC763BE3-5E91-4A7B-AE84-8C709DB278DD}.Debug|Any CPU.Build.0 = Debug|Any CPU
		{AC763BE3-5E91-4A7B-AE84-8C709DB278DD}.Release|Any CPU.ActiveCfg = Release|Any CPU
		{AC763BE3-5E91-4A7B-AE84-8C709DB278DD}.Release|Any CPU.Build.0 = Release|Any CPU
		{A0E38DAB-4013-4422-A60B-775922861647}.Debug|Any CPU.ActiveCfg = Debug|Any CPU
		{A0E38DAB-4013-4422-A60B-775922861647}.Debug|Any CPU.Build.0 = Debug|Any CPU
		{A0E38DAB-4013-4422-A60B-775922861647}.Release|Any CPU.ActiveCfg = Release|Any CPU
		{A0E38DAB-4013-4422-A60B-775922861647}.Release|Any CPU.Build.0 = Release|Any CPU
		{C7E2D9C0-2629-4073-9AC0-BF61BC80CACD}.Debug|Any CPU.ActiveCfg = Debug|Any CPU
		{C7E2D9C0-2629-4073-9AC0-BF61BC80CACD}.Debug|Any CPU.Build.0 = Debug|Any CPU
		{C7E2D9C0-2629-4073-9AC0-BF61BC80CACD}.Release|Any CPU.ActiveCfg = Release|Any CPU
		{C7E2D9C0-2629-4073-9AC0-BF61BC80CACD}.Release|Any CPU.Build.0 = Release|Any CPU
		{5437C68F-F72E-4231-B554-1BE4D08BE813}.Debug|Any CPU.ActiveCfg = Debug|Any CPU
		{5437C68F-F72E-4231-B554-1BE4D08BE813}.Debug|Any CPU.Build.0 = Debug|Any CPU
		{5437C68F-F72E-4231-B554-1BE4D08BE813}.Release|Any CPU.ActiveCfg = Release|Any CPU
		{5437C68F-F72E-4231-B554-1BE4D08BE813}.Release|Any CPU.Build.0 = Release|Any CPU
		{5058F39B-5ED5-4368-A2F4-A005469B9D90}.Debug|Any CPU.ActiveCfg = Debug|Any CPU
		{5058F39B-5ED5-4368-A2F4-A005469B9D90}.Debug|Any CPU.Build.0 = Debug|Any CPU
		{5058F39B-5ED5-4368-A2F4-A005469B9D90}.Release|Any CPU.ActiveCfg = Release|Any CPU
		{5058F39B-5ED5-4368-A2F4-A005469B9D90}.Release|Any CPU.Build.0 = Release|Any CPU
		{64E549C7-C5BE-4626-BC7E-3BDA15383BF8}.Debug|Any CPU.ActiveCfg = Debug|Any CPU
		{64E549C7-C5BE-4626-BC7E-3BDA15383BF8}.Debug|Any CPU.Build.0 = Debug|Any CPU
		{64E549C7-C5BE-4626-BC7E-3BDA15383BF8}.Release|Any CPU.ActiveCfg = Release|Any CPU
		{64E549C7-C5BE-4626-BC7E-3BDA15383BF8}.Release|Any CPU.Build.0 = Release|Any CPU
		{2DE2217C-C900-413B-B17F-8931F3C7A4F6}.Debug|Any CPU.ActiveCfg = Debug|Any CPU
		{2DE2217C-C900-413B-B17F-8931F3C7A4F6}.Debug|Any CPU.Build.0 = Debug|Any CPU
		{2DE2217C-C900-413B-B17F-8931F3C7A4F6}.Release|Any CPU.ActiveCfg = Release|Any CPU
		{2DE2217C-C900-413B-B17F-8931F3C7A4F6}.Release|Any CPU.Build.0 = Release|Any CPU
	EndGlobalSection
	GlobalSection(SolutionProperties) = preSolution
		HideSolutionNode = FALSE
	EndGlobalSection
	GlobalSection(ExtensibilityGlobals) = postSolution
		SolutionGuid = {1534EC09-3158-440B-B990-78C2BD6A3390}
	EndGlobalSection
EndGlobal
